
Microsoft Visual Studio Solution File, Format Version 12.00
# Visual Studio Version 17
VisualStudioVersion = 17.11.35327.3
MinimumVisualStudioVersion = 10.0.40219.1
Project("{FAE04EC0-301F-11D3-BF4B-00C04F79EFBC}") = "LanguageChangerHW", "LanguageChangerHW\LanguageChangerHW.csproj", "{01D65FC8-78B5-489C-A08E-EA855CB3DD45}"
EndProject
Global
	GlobalSection(SolutionConfigurationPlatforms) = preSolution
		Debug|Any CPU = Debug|Any CPU
		Release|Any CPU = Release|Any CPU
	EndGlobalSection
	GlobalSection(ProjectConfigurationPlatforms) = postSolution
		{01D65FC8-78B5-489C-A08E-EA855CB3DD45}.Debug|Any CPU.ActiveCfg = Debug|Any CPU
		{01D65FC8-78B5-489C-A08E-EA855CB3DD45}.Debug|Any CPU.Build.0 = Debug|Any CPU
		{01D65FC8-78B5-489C-A08E-EA855CB3DD45}.Release|Any CPU.ActiveCfg = Release|Any CPU
		{01D65FC8-78B5-489C-A08E-EA855CB3DD45}.Release|Any CPU.Build.0 = Release|Any CPU
	EndGlobalSection
	GlobalSection(SolutionProperties) = preSolution
		HideSolutionNode = FALSE
	EndGlobalSection
	GlobalSection(ExtensibilityGlobals) = postSolution
		SolutionGuid = {23136774-EAE5-4874-9057-6AA755CCC165}
	EndGlobalSection
EndGlobal
